
Microsoft Visual Studio Solution File, Format Version 12.00
# Visual Studio Version 17
VisualStudioVersion = 17.14.36518.9 d17.14
MinimumVisualStudioVersion = 10.0.40219.1
Project("{FAE04EC0-301F-11D3-BF4B-00C04F79EFBC}") = "TheManager", "TheManager\TheManager.csproj", "{63922A08-C0AF-42FC-92ED-245DC8BDED17}"
EndProject
Global
	GlobalSection(SolutionConfigurationPlatforms) = preSolution
		Debug|Any CPU = Debug|Any CPU
		Release|Any CPU = Release|Any CPU
	EndGlobalSection
	GlobalSection(ProjectConfigurationPlatforms) = postSolution
		{63922A08-C0AF-42FC-92ED-245DC8BDED17}.Debug|Any CPU.ActiveCfg = Debug|Any CPU
		{63922A08-C0AF-42FC-92ED-245DC8BDED17}.Debug|Any CPU.Build.0 = Debug|Any CPU
		{63922A08-C0AF-42FC-92ED-245DC8BDED17}.Release|Any CPU.ActiveCfg = Release|Any CPU
		{63922A08-C0AF-42FC-92ED-245DC8BDED17}.Release|Any CPU.Build.0 = Release|Any CPU
	EndGlobalSection
	GlobalSection(SolutionProperties) = preSolution
		HideSolutionNode = FALSE
	EndGlobalSection
	GlobalSection(ExtensibilityGlobals) = postSolution
		SolutionGuid = {57655402-79EE-4302-B809-7C9A804927B7}
	EndGlobalSection
EndGlobal
